
Microsoft Visual Studio Solution File, Format Version 12.00
# Visual Studio 2013
VisualStudioVersion = 12.0.21005.1
MinimumVisualStudioVersion = 10.0.40219.1
Project("{FAE04EC0-301F-11D3-BF4B-00C04F79EFBC}") = "d3js-reusable-sparkline", "d3js-reusable-sparkline\d3js-reusable-sparkline.csproj", "{59C4C3D7-459E-4E1E-B8BC-5C2BD9B4A764}"
EndProject
Global
	GlobalSection(SolutionConfigurationPlatforms) = preSolution
		Debug|Any CPU = Debug|Any CPU
		Release|Any CPU = Release|Any CPU
	EndGlobalSection
	GlobalSection(ProjectConfigurationPlatforms) = postSolution
		{59C4C3D7-459E-4E1E-B8BC-5C2BD9B4A764}.Debug|Any CPU.ActiveCfg = Debug|Any CPU
		{59C4C3D7-459E-4E1E-B8BC-5C2BD9B4A764}.Debug|Any CPU.Build.0 = Debug|Any CPU
		{59C4C3D7-459E-4E1E-B8BC-5C2BD9B4A764}.Release|Any CPU.ActiveCfg = Release|Any CPU
		{59C4C3D7-459E-4E1E-B8BC-5C2BD9B4A764}.Release|Any CPU.Build.0 = Release|Any CPU
	EndGlobalSection
	GlobalSection(SolutionProperties) = preSolution
		HideSolutionNode = FALSE
	EndGlobalSection
EndGlobal
